// !$*UTF8*$!
{
	archiveVersion = 1;
	classes = {
	};
	objectVersion = 56;
	objects = {

/* Begin PBXBuildFile section */
		4C17487D2BEB171900EA5623 /* SnowSeekerApp.swift in Sources */ = {isa = PBXBuildFile; fileRef = 4C17487C2BEB171900EA5623 /* SnowSeekerApp.swift */; };
		4C17487F2BEB171900EA5623 /* ContentView.swift in Sources */ = {isa = PBXBuildFile; fileRef = 4C17487E2BEB171900EA5623 /* ContentView.swift */; };
		4C1748812BEB171A00EA5623 /* Assets.xcassets in Resources */ = {isa = PBXBuildFile; fileRef = 4C1748802BEB171A00EA5623 /* Assets.xcassets */; };
		4C1748842BEB171A00EA5623 /* Preview Assets.xcassets in Resources */ = {isa = PBXBuildFile; fileRef = 4C1748832BEB171A00EA5623 /* Preview Assets.xcassets */; };
		4C17488E2BEB171A00EA5623 /* SnowSeekerTests.swift in Sources */ = {isa = PBXBuildFile; fileRef = 4C17488D2BEB171A00EA5623 /* SnowSeekerTests.swift */; };
		4C1748982BEB171A00EA5623 /* SnowSeekerUITests.swift in Sources */ = {isa = PBXBuildFile; fileRef = 4C1748972BEB171A00EA5623 /* SnowSeekerUITests.swift */; };
		4C17489A2BEB171A00EA5623 /* SnowSeekerUITestsLaunchTests.swift in Sources */ = {isa = PBXBuildFile; fileRef = 4C1748992BEB171A00EA5623 /* SnowSeekerUITestsLaunchTests.swift */; };
		4C1748AF2BEC616500EA5623 /* resorts.json in Resources */ = {isa = PBXBuildFile; fileRef = 4C1748AE2BEC616500EA5623 /* resorts.json */; };
		4C1748B12BEC631300EA5623 /* Resort.swift in Sources */ = {isa = PBXBuildFile; fileRef = 4C1748B02BEC631300EA5623 /* Resort.swift */; };
		4C1748B32BEC63E900EA5623 /* Bundle-Decodable.swift in Sources */ = {isa = PBXBuildFile; fileRef = 4C1748B22BEC63E900EA5623 /* Bundle-Decodable.swift */; };
		4C1748B52BEC6BA500EA5623 /* WelcomeView.swift in Sources */ = {isa = PBXBuildFile; fileRef = 4C1748B42BEC6BA500EA5623 /* WelcomeView.swift */; };
		4C1748B72BEC6CFC00EA5623 /* ResortView.swift in Sources */ = {isa = PBXBuildFile; fileRef = 4C1748B62BEC6CFC00EA5623 /* ResortView.swift */; };
		4C1748B92BEC6EF000EA5623 /* SkiDetailsView.swift in Sources */ = {isa = PBXBuildFile; fileRef = 4C1748B82BEC6EF000EA5623 /* SkiDetailsView.swift */; };
		4C1748BB2BEC703700EA5623 /* ResortDetailsView.swift in Sources */ = {isa = PBXBuildFile; fileRef = 4C1748BA2BEC703700EA5623 /* ResortDetailsView.swift */; };
		4C1748BD2BEC7EB700EA5623 /* Facility.swift in Sources */ = {isa = PBXBuildFile; fileRef = 4C1748BC2BEC7EB700EA5623 /* Facility.swift */; };
		4C1748BF2BECC94A00EA5623 /* Favorites.swift in Sources */ = {isa = PBXBuildFile; fileRef = 4C1748BE2BECC94A00EA5623 /* Favorites.swift */; };
/* End PBXBuildFile section */

/* Begin PBXContainerItemProxy section */
		4C17488A2BEB171A00EA5623 /* PBXContainerItemProxy */ = {
			isa = PBXContainerItemProxy;
			containerPortal = 4C1748712BEB171900EA5623 /* Project object */;
			proxyType = 1;
			remoteGlobalIDString = 4C1748782BEB171900EA5623;
			remoteInfo = SnowSeeker;
		};
		4C1748942BEB171A00EA5623 /* PBXContainerItemProxy */ = {
			isa = PBXContainerItemProxy;
			containerPortal = 4C1748712BEB171900EA5623 /* Project object */;
			proxyType = 1;
			remoteGlobalIDString = 4C1748782BEB171900EA5623;
			remoteInfo = SnowSeeker;
		};
/* End PBXContainerItemProxy section */

/* Begin PBXFileReference section */
		4C1748792BEB171900EA5623 /* SnowSeeker.app */ = {isa = PBXFileReference; explicitFileType = wrapper.application; includeInIndex = 0; path = SnowSeeker.app; sourceTree = BUILT_PRODUCTS_DIR; };
		4C17487C2BEB171900EA5623 /* SnowSeekerApp.swift */ = {isa = PBXFileReference; lastKnownFileType = sourcecode.swift; path = SnowSeekerApp.swift; sourceTree = "<group>"; };
		4C17487E2BEB171900EA5623 /* ContentView.swift */ = {isa = PBXFileReference; lastKnownFileType = sourcecode.swift; path = ContentView.swift; sourceTree = "<group>"; };
		4C1748802BEB171A00EA5623 /* Assets.xcassets */ = {isa = PBXFileReference; lastKnownFileType = folder.assetcatalog; path = Assets.xcassets; sourceTree = "<group>"; };
		4C1748832BEB171A00EA5623 /* Preview Assets.xcassets */ = {isa = PBXFileReference; lastKnownFileType = folder.assetcatalog; path = "Preview Assets.xcassets"; sourceTree = "<group>"; };
		4C1748892BEB171A00EA5623 /* SnowSeekerTests.xctest */ = {isa = PBXFileReference; explicitFileType = wrapper.cfbundle; includeInIndex = 0; path = SnowSeekerTests.xctest; sourceTree = BUILT_PRODUCTS_DIR; };
		4C17488D2BEB171A00EA5623 /* SnowSeekerTests.swift */ = {isa = PBXFileReference; lastKnownFileType = sourcecode.swift; path = SnowSeekerTests.swift; sourceTree = "<group>"; };
		4C1748932BEB171A00EA5623 /* SnowSeekerUITests.xctest */ = {isa = PBXFileReference; explicitFileType = wrapper.cfbundle; includeInIndex = 0; path = SnowSeekerUITests.xctest; sourceTree = BUILT_PRODUCTS_DIR; };
		4C1748972BEB171A00EA5623 /* SnowSeekerUITests.swift */ = {isa = PBXFileReference; lastKnownFileType = sourcecode.swift; path = SnowSeekerUITests.swift; sourceTree = "<group>"; };
		4C1748992BEB171A00EA5623 /* SnowSeekerUITestsLaunchTests.swift */ = {isa = PBXFileReference; lastKnownFileType = sourcecode.swift; path = SnowSeekerUITestsLaunchTests.swift; sourceTree = "<group>"; };
		4C1748AE2BEC616500EA5623 /* resorts.json */ = {isa = PBXFileReference; fileEncoding = 4; lastKnownFileType = text.json; path = resorts.json; sourceTree = "<group>"; };
		4C1748B02BEC631300EA5623 /* Resort.swift */ = {isa = PBXFileReference; lastKnownFileType = sourcecode.swift; path = Resort.swift; sourceTree = "<group>"; };
		4C1748B22BEC63E900EA5623 /* Bundle-Decodable.swift */ = {isa = PBXFileReference; fileEncoding = 4; lastKnownFileType = sourcecode.swift; name = "Bundle-Decodable.swift"; path = "../../../project08/Moonshot/Moonshot/Bundle-Decodable.swift"; sourceTree = "<group>"; };
		4C1748B42BEC6BA500EA5623 /* WelcomeView.swift */ = {isa = PBXFileReference; lastKnownFileType = sourcecode.swift; path = WelcomeView.swift; sourceTree = "<group>"; };
		4C1748B62BEC6CFC00EA5623 /* ResortView.swift */ = {isa = PBXFileReference; lastKnownFileType = sourcecode.swift; path = ResortView.swift; sourceTree = "<group>"; };
		4C1748B82BEC6EF000EA5623 /* SkiDetailsView.swift */ = {isa = PBXFileReference; lastKnownFileType = sourcecode.swift; path = SkiDetailsView.swift; sourceTree = "<group>"; };
		4C1748BA2BEC703700EA5623 /* ResortDetailsView.swift */ = {isa = PBXFileReference; lastKnownFileType = sourcecode.swift; path = ResortDetailsView.swift; sourceTree = "<group>"; };
		4C1748BC2BEC7EB700EA5623 /* Facility.swift */ = {isa = PBXFileReference; lastKnownFileType = sourcecode.swift; path = Facility.swift; sourceTree = "<group>"; };
		4C1748BE2BECC94A00EA5623 /* Favorites.swift */ = {isa = PBXFileReference; lastKnownFileType = sourcecode.swift; path = Favorites.swift; sourceTree = "<group>"; };
/* End PBXFileReference section */

/* Begin PBXFrameworksBuildPhase section */
		4C1748762BEB171900EA5623 /* Frameworks */ = {
			isa = PBXFrameworksBuildPhase;
			buildActionMask = 2147483647;
			files = (
			);
			runOnlyForDeploymentPostprocessing = 0;
		};
		4C1748862BEB171A00EA5623 /* Frameworks */ = {
			isa = PBXFrameworksBuildPhase;
			buildActionMask = 2147483647;
			files = (
			);
			runOnlyForDeploymentPostprocessing = 0;
		};
		4C1748902BEB171A00EA5623 /* Frameworks */ = {
			isa = PBXFrameworksBuildPhase;
			buildActionMask = 2147483647;
			files = (
			);
			runOnlyForDeploymentPostprocessing = 0;
		};
/* End PBXFrameworksBuildPhase section */

/* Begin PBXGroup section */
		4C1748702BEB171900EA5623 = {
			isa = PBXGroup;
			children = (
				4C17487B2BEB171900EA5623 /* SnowSeeker */,
				4C17488C2BEB171A00EA5623 /* SnowSeekerTests */,
				4C1748962BEB171A00EA5623 /* SnowSeekerUITests */,
				4C17487A2BEB171900EA5623 /* Products */,
			);
			sourceTree = "<group>";
		};
		4C17487A2BEB171900EA5623 /* Products */ = {
			isa = PBXGroup;
			children = (
				4C1748792BEB171900EA5623 /* SnowSeeker.app */,
				4C1748892BEB171A00EA5623 /* SnowSeekerTests.xctest */,
				4C1748932BEB171A00EA5623 /* SnowSeekerUITests.xctest */,
			);
			name = Products;
			sourceTree = "<group>";
		};
		4C17487B2BEB171900EA5623 /* SnowSeeker */ = {
			isa = PBXGroup;
			children = (
				4C1748AE2BEC616500EA5623 /* resorts.json */,
				4C17487C2BEB171900EA5623 /* SnowSeekerApp.swift */,
				4C17487E2BEB171900EA5623 /* ContentView.swift */,
				4C1748B82BEC6EF000EA5623 /* SkiDetailsView.swift */,
				4C1748BA2BEC703700EA5623 /* ResortDetailsView.swift */,
				4C1748B62BEC6CFC00EA5623 /* ResortView.swift */,
				4C1748BC2BEC7EB700EA5623 /* Facility.swift */,
				4C1748BE2BECC94A00EA5623 /* Favorites.swift */,
				4C1748B42BEC6BA500EA5623 /* WelcomeView.swift */,
				4C1748B02BEC631300EA5623 /* Resort.swift */,
				4C1748B22BEC63E900EA5623 /* Bundle-Decodable.swift */,
				4C1748802BEB171A00EA5623 /* Assets.xcassets */,
				4C1748822BEB171A00EA5623 /* Preview Content */,
			);
			path = SnowSeeker;
			sourceTree = "<group>";
		};
		4C1748822BEB171A00EA5623 /* Preview Content */ = {
			isa = PBXGroup;
			children = (
				4C1748832BEB171A00EA5623 /* Preview Assets.xcassets */,
			);
			path = "Preview Content";
			sourceTree = "<group>";
		};
		4C17488C2BEB171A00EA5623 /* SnowSeekerTests */ = {
			isa = PBXGroup;
			children = (
				4C17488D2BEB171A00EA5623 /* SnowSeekerTests.swift */,
			);
			path = SnowSeekerTests;
			sourceTree = "<group>";
		};
		4C1748962BEB171A00EA5623 /* SnowSeekerUITests */ = {
			isa = PBXGroup;
			children = (
				4C1748972BEB171A00EA5623 /* SnowSeekerUITests.swift */,
				4C1748992BEB171A00EA5623 /* SnowSeekerUITestsLaunchTests.swift */,
			);
			path = SnowSeekerUITests;
			sourceTree = "<group>";
		};
/* End PBXGroup section */

/* Begin PBXNativeTarget section */
		4C1748782BEB171900EA5623 /* SnowSeeker */ = {
			isa = PBXNativeTarget;
			buildConfigurationList = 4C17489D2BEB171A00EA5623 /* Build configuration list for PBXNativeTarget "SnowSeeker" */;
			buildPhases = (
				4C1748752BEB171900EA5623 /* Sources */,
				4C1748762BEB171900EA5623 /* Frameworks */,
				4C1748772BEB171900EA5623 /* Resources */,
			);
			buildRules = (
			);
			dependencies = (
			);
			name = SnowSeeker;
			productName = SnowSeeker;
			productReference = 4C1748792BEB171900EA5623 /* SnowSeeker.app */;
			productType = "com.apple.product-type.application";
		};
		4C1748882BEB171A00EA5623 /* SnowSeekerTests */ = {
			isa = PBXNativeTarget;
			buildConfigurationList = 4C1748A02BEB171A00EA5623 /* Build configuration list for PBXNativeTarget "SnowSeekerTests" */;
			buildPhases = (
				4C1748852BEB171A00EA5623 /* Sources */,
				4C1748862BEB171A00EA5623 /* Frameworks */,
				4C1748872BEB171A00EA5623 /* Resources */,
			);
			buildRules = (
			);
			dependencies = (
				4C17488B2BEB171A00EA5623 /* PBXTargetDependency */,
			);
			name = SnowSeekerTests;
			productName = SnowSeekerTests;
			productReference = 4C1748892BEB171A00EA5623 /* SnowSeekerTests.xctest */;
			productType = "com.apple.product-type.bundle.unit-test";
		};
		4C1748922BEB171A00EA5623 /* SnowSeekerUITests */ = {
			isa = PBXNativeTarget;
			buildConfigurationList = 4C1748A32BEB171A00EA5623 /* Build configuration list for PBXNativeTarget "SnowSeekerUITests" */;
			buildPhases = (
				4C17488F2BEB171A00EA5623 /* Sources */,
				4C1748902BEB171A00EA5623 /* Frameworks */,
				4C1748912BEB171A00EA5623 /* Resources */,
			);
			buildRules = (
			);
			dependencies = (
				4C1748952BEB171A00EA5623 /* PBXTargetDependency */,
			);
			name = SnowSeekerUITests;
			productName = SnowSeekerUITests;
			productReference = 4C1748932BEB171A00EA5623 /* SnowSeekerUITests.xctest */;
			productType = "com.apple.product-type.bundle.ui-testing";
		};
/* End PBXNativeTarget section */

/* Begin PBXProject section */
		4C1748712BEB171900EA5623 /* Project object */ = {
			isa = PBXProject;
			attributes = {
				BuildIndependentTargetsInParallel = 1;
				LastSwiftUpdateCheck = 1500;
				LastUpgradeCheck = 1500;
				TargetAttributes = {
					4C1748782BEB171900EA5623 = {
						CreatedOnToolsVersion = 15.0.1;
					};
					4C1748882BEB171A00EA5623 = {
						CreatedOnToolsVersion = 15.0.1;
						TestTargetID = 4C1748782BEB171900EA5623;
					};
					4C1748922BEB171A00EA5623 = {
						CreatedOnToolsVersion = 15.0.1;
						TestTargetID = 4C1748782BEB171900EA5623;
					};
				};
			};
			buildConfigurationList = 4C1748742BEB171900EA5623 /* Build configuration list for PBXProject "SnowSeeker" */;
			compatibilityVersion = "Xcode 14.0";
			developmentRegion = en;
			hasScannedForEncodings = 0;
			knownRegions = (
				en,
				Base,
			);
			mainGroup = 4C1748702BEB171900EA5623;
			productRefGroup = 4C17487A2BEB171900EA5623 /* Products */;
			projectDirPath = "";
			projectRoot = "";
			targets = (
				4C1748782BEB171900EA5623 /* SnowSeeker */,
				4C1748882BEB171A00EA5623 /* SnowSeekerTests */,
				4C1748922BEB171A00EA5623 /* SnowSeekerUITests */,
			);
		};
/* End PBXProject section */

/* Begin PBXResourcesBuildPhase section */
		4C1748772BEB171900EA5623 /* Resources */ = {
			isa = PBXResourcesBuildPhase;
			buildActionMask = 2147483647;
			files = (
				4C1748AF2BEC616500EA5623 /* resorts.json in Resources */,
				4C1748842BEB171A00EA5623 /* Preview Assets.xcassets in Resources */,
				4C1748812BEB171A00EA5623 /* Assets.xcassets in Resources */,
			);
			runOnlyForDeploymentPostprocessing = 0;
		};
		4C1748872BEB171A00EA5623 /* Resources */ = {
			isa = PBXResourcesBuildPhase;
			buildActionMask = 2147483647;
			files = (
			);
			runOnlyForDeploymentPostprocessing = 0;
		};
		4C1748912BEB171A00EA5623 /* Resources */ = {
			isa = PBXResourcesBuildPhase;
			buildActionMask = 2147483647;
			files = (
			);
			runOnlyForDeploymentPostprocessing = 0;
		};
/* End PBXResourcesBuildPhase section */

/* Begin PBXSourcesBuildPhase section */
		4C1748752BEB171900EA5623 /* Sources */ = {
			isa = PBXSourcesBuildPhase;
			buildActionMask = 2147483647;
			files = (
				4C1748B52BEC6BA500EA5623 /* WelcomeView.swift in Sources */,
				4C1748B92BEC6EF000EA5623 /* SkiDetailsView.swift in Sources */,
				4C1748BB2BEC703700EA5623 /* ResortDetailsView.swift in Sources */,
				4C1748BF2BECC94A00EA5623 /* Favorites.swift in Sources */,
				4C1748BD2BEC7EB700EA5623 /* Facility.swift in Sources */,
				4C17487F2BEB171900EA5623 /* ContentView.swift in Sources */,
				4C1748B12BEC631300EA5623 /* Resort.swift in Sources */,
				4C1748B72BEC6CFC00EA5623 /* ResortView.swift in Sources */,
				4C17487D2BEB171900EA5623 /* SnowSeekerApp.swift in Sources */,
				4C1748B32BEC63E900EA5623 /* Bundle-Decodable.swift in Sources */,
			);
			runOnlyForDeploymentPostprocessing = 0;
		};
		4C1748852BEB171A00EA5623 /* Sources */ = {
			isa = PBXSourcesBuildPhase;
			buildActionMask = 2147483647;
			files = (
				4C17488E2BEB171A00EA5623 /* SnowSeekerTests.swift in Sources */,
			);
			runOnlyForDeploymentPostprocessing = 0;
		};
		4C17488F2BEB171A00EA5623 /* Sources */ = {
			isa = PBXSourcesBuildPhase;
			buildActionMask = 2147483647;
			files = (
				4C17489A2BEB171A00EA5623 /* SnowSeekerUITestsLaunchTests.swift in Sources */,
				4C1748982BEB171A00EA5623 /* SnowSeekerUITests.swift in Sources */,
			);
			runOnlyForDeploymentPostprocessing = 0;
		};
/* End PBXSourcesBuildPhase section */

/* Begin PBXTargetDependency section */
		4C17488B2BEB171A00EA5623 /* PBXTargetDependency */ = {
			isa = PBXTargetDependency;
			target = 4C1748782BEB171900EA5623 /* SnowSeeker */;
			targetProxy = 4C17488A2BEB171A00EA5623 /* PBXContainerItemProxy */;
		};
		4C1748952BEB171A00EA5623 /* PBXTargetDependency */ = {
			isa = PBXTargetDependency;
			target = 4C1748782BEB171900EA5623 /* SnowSeeker */;
			targetProxy = 4C1748942BEB171A00EA5623 /* PBXContainerItemProxy */;
		};
/* End PBXTargetDependency section */

/* Begin XCBuildConfiguration section */
		4C17489B2BEB171A00EA5623 /* Debug */ = {
			isa = XCBuildConfiguration;
			buildSettings = {
				ALWAYS_SEARCH_USER_PATHS = NO;
				ASSETCATALOG_COMPILER_GENERATE_SWIFT_ASSET_SYMBOL_EXTENSIONS = YES;
				CLANG_ANALYZER_NONNULL = YES;
				CLANG_ANALYZER_NUMBER_OBJECT_CONVERSION = YES_AGGRESSIVE;
				CLANG_CXX_LANGUAGE_STANDARD = "gnu++20";
				CLANG_ENABLE_MODULES = YES;
				CLANG_ENABLE_OBJC_ARC = YES;
				CLANG_ENABLE_OBJC_WEAK = YES;
				CLANG_WARN_BLOCK_CAPTURE_AUTORELEASING = YES;
				CLANG_WARN_BOOL_CONVERSION = YES;
				CLANG_WARN_COMMA = YES;
				CLANG_WARN_CONSTANT_CONVERSION = YES;
				CLANG_WARN_DEPRECATED_OBJC_IMPLEMENTATIONS = YES;
				CLANG_WARN_DIRECT_OBJC_ISA_USAGE = YES_ERROR;
				CLANG_WARN_DOCUMENTATION_COMMENTS = YES;
				CLANG_WARN_EMPTY_BODY = YES;
				CLANG_WARN_ENUM_CONVERSION = YES;
				CLANG_WARN_INFINITE_RECURSION = YES;
				CLANG_WARN_INT_CONVERSION = YES;
				CLANG_WARN_NON_LITERAL_NULL_CONVERSION = YES;
				CLANG_WARN_OBJC_IMPLICIT_RETAIN_SELF = YES;
				CLANG_WARN_OBJC_LITERAL_CONVERSION = YES;
				CLANG_WARN_OBJC_ROOT_CLASS = YES_ERROR;
				CLANG_WARN_QUOTED_INCLUDE_IN_FRAMEWORK_HEADER = YES;
				CLANG_WARN_RANGE_LOOP_ANALYSIS = YES;
				CLANG_WARN_STRICT_PROTOTYPES = YES;
				CLANG_WARN_SUSPICIOUS_MOVE = YES;
				CLANG_WARN_UNGUARDED_AVAILABILITY = YES_AGGRESSIVE;
				CLANG_WARN_UNREACHABLE_CODE = YES;
				CLANG_WARN__DUPLICATE_METHOD_MATCH = YES;
				COPY_PHASE_STRIP = NO;
				DEBUG_INFORMATION_FORMAT = dwarf;
				ENABLE_STRICT_OBJC_MSGSEND = YES;
				ENABLE_TESTABILITY = YES;
				ENABLE_USER_SCRIPT_SANDBOXING = YES;
				GCC_C_LANGUAGE_STANDARD = gnu17;
				GCC_DYNAMIC_NO_PIC = NO;
				GCC_NO_COMMON_BLOCKS = YES;
				GCC_OPTIMIZATION_LEVEL = 0;
				GCC_PREPROCESSOR_DEFINITIONS = (
					"DEBUG=1",
					"$(inherited)",
				);
				GCC_WARN_64_TO_32_BIT_CONVERSION = YES;
				GCC_WARN_ABOUT_RETURN_TYPE = YES_ERROR;
				GCC_WARN_UNDECLARED_SELECTOR = YES;
				GCC_WARN_UNINITIALIZED_AUTOS = YES_AGGRESSIVE;
				GCC_WARN_UNUSED_FUNCTION = YES;
				GCC_WARN_UNUSED_VARIABLE = YES;
				IPHONEOS_DEPLOYMENT_TARGET = 17.0;
				LOCALIZATION_PREFERS_STRING_CATALOGS = YES;
				MTL_ENABLE_DEBUG_INFO = INCLUDE_SOURCE;
				MTL_FAST_MATH = YES;
				ONLY_ACTIVE_ARCH = YES;
				SDKROOT = iphoneos;
				SWIFT_ACTIVE_COMPILATION_CONDITIONS = "DEBUG $(inherited)";
				SWIFT_OPTIMIZATION_LEVEL = "-Onone";
			};
			name = Debug;
		};
		4C17489C2BEB171A00EA5623 /* Release */ = {
			isa = XCBuildConfiguration;
			buildSettings = {
				ALWAYS_SEARCH_USER_PATHS = NO;
				ASSETCATALOG_COMPILER_GENERATE_SWIFT_ASSET_SYMBOL_EXTENSIONS = YES;
				CLANG_ANALYZER_NONNULL = YES;
				CLANG_ANALYZER_NUMBER_OBJECT_CONVERSION = YES_AGGRESSIVE;
				CLANG_CXX_LANGUAGE_STANDARD = "gnu++20";
				CLANG_ENABLE_MODULES = YES;
				CLANG_ENABLE_OBJC_ARC = YES;
				CLANG_ENABLE_OBJC_WEAK = YES;
				CLANG_WARN_BLOCK_CAPTURE_AUTORELEASING = YES;
				CLANG_WARN_BOOL_CONVERSION = YES;
				CLANG_WARN_COMMA = YES;
				CLANG_WARN_CONSTANT_CONVERSION = YES;
				CLANG_WARN_DEPRECATED_OBJC_IMPLEMENTATIONS = YES;
				CLANG_WARN_DIRECT_OBJC_ISA_USAGE = YES_ERROR;
				CLANG_WARN_DOCUMENTATION_COMMENTS = YES;
				CLANG_WARN_EMPTY_BODY = YES;
				CLANG_WARN_ENUM_CONVERSION = YES;
				CLANG_WARN_INFINITE_RECURSION = YES;
				CLANG_WARN_INT_CONVERSION = YES;
				CLANG_WARN_NON_LITERAL_NULL_CONVERSION = YES;
				CLANG_WARN_OBJC_IMPLICIT_RETAIN_SELF = YES;
				CLANG_WARN_OBJC_LITERAL_CONVERSION = YES;
				CLANG_WARN_OBJC_ROOT_CLASS = YES_ERROR;
				CLANG_WARN_QUOTED_INCLUDE_IN_FRAMEWORK_HEADER = YES;
				CLANG_WARN_RANGE_LOOP_ANALYSIS = YES;
				CLANG_WARN_STRICT_PROTOTYPES = YES;
				CLANG_WARN_SUSPICIOUS_MOVE = YES;
				CLANG_WARN_UNGUARDED_AVAILABILITY = YES_AGGRESSIVE;
				CLANG_WARN_UNREACHABLE_CODE = YES;
				CLANG_WARN__DUPLICATE_METHOD_MATCH = YES;
				COPY_PHASE_STRIP = NO;
				DEBUG_INFORMATION_FORMAT = "dwarf-with-dsym";
				ENABLE_NS_ASSERTIONS = NO;
				ENABLE_STRICT_OBJC_MSGSEND = YES;
				ENABLE_USER_SCRIPT_SANDBOXING = YES;
				GCC_C_LANGUAGE_STANDARD = gnu17;
				GCC_NO_COMMON_BLOCKS = YES;
				GCC_WARN_64_TO_32_BIT_CONVERSION = YES;
				GCC_WARN_ABOUT_RETURN_TYPE = YES_ERROR;
				GCC_WARN_UNDECLARED_SELECTOR = YES;
				GCC_WARN_UNINITIALIZED_AUTOS = YES_AGGRESSIVE;
				GCC_WARN_UNUSED_FUNCTION = YES;
				GCC_WARN_UNUSED_VARIABLE = YES;
				IPHONEOS_DEPLOYMENT_TARGET = 17.0;
				LOCALIZATION_PREFERS_STRING_CATALOGS = YES;
				MTL_ENABLE_DEBUG_INFO = NO;
				MTL_FAST_MATH = YES;
				SDKROOT = iphoneos;
				SWIFT_COMPILATION_MODE = wholemodule;
				VALIDATE_PRODUCT = YES;
			};
			name = Release;
		};
		4C17489E2BEB171A00EA5623 /* Debug */ = {
			isa = XCBuildConfiguration;
			buildSettings = {
				ASSETCATALOG_COMPILER_APPICON_NAME = AppIcon;
				ASSETCATALOG_COMPILER_GLOBAL_ACCENT_COLOR_NAME = AccentColor;
				CODE_SIGN_STYLE = Automatic;
				CURRENT_PROJECT_VERSION = 1;
				DEVELOPMENT_ASSET_PATHS = "\"SnowSeeker/Preview Content\"";
				DEVELOPMENT_TEAM = HAT3T6BMGD;
				ENABLE_PREVIEWS = YES;
				GENERATE_INFOPLIST_FILE = YES;
				INFOPLIST_KEY_UIApplicationSceneManifest_Generation = YES;
				INFOPLIST_KEY_UIApplicationSupportsIndirectInputEvents = YES;
				INFOPLIST_KEY_UILaunchScreen_Generation = YES;
				INFOPLIST_KEY_UISupportedInterfaceOrientations_iPad = "UIInterfaceOrientationPortrait UIInterfaceOrientationPortraitUpsideDown UIInterfaceOrientationLandscapeLeft UIInterfaceOrientationLandscapeRight";
				INFOPLIST_KEY_UISupportedInterfaceOrientations_iPhone = "UIInterfaceOrientationPortrait UIInterfaceOrientationLandscapeLeft UIInterfaceOrientationLandscapeRight";
				LD_RUNPATH_SEARCH_PATHS = (
					"$(inherited)",
					"@executable_path/Frameworks",
				);
				MARKETING_VERSION = 1.0;
				PRODUCT_BUNDLE_IDENTIFIER = com.mowits.task.SnowSeeker;
				PRODUCT_NAME = "$(TARGET_NAME)";
				SWIFT_EMIT_LOC_STRINGS = YES;
				SWIFT_VERSION = 5.0;
				TARGETED_DEVICE_FAMILY = "1,2";
			};
			name = Debug;
		};
		4C17489F2BEB171A00EA5623 /* Release */ = {
			isa = XCBuildConfiguration;
			buildSettings = {
				ASSETCATALOG_COMPILER_APPICON_NAME = AppIcon;
				ASSETCATALOG_COMPILER_GLOBAL_ACCENT_COLOR_NAME = AccentColor;
				CODE_SIGN_STYLE = Automatic;
				CURRENT_PROJECT_VERSION = 1;
				DEVELOPMENT_ASSET_PATHS = "\"SnowSeeker/Preview Content\"";
				DEVELOPMENT_TEAM = HAT3T6BMGD;
				ENABLE_PREVIEWS = YES;
				GENERATE_INFOPLIST_FILE = YES;
				INFOPLIST_KEY_UIApplicationSceneManifest_Generation = YES;
				INFOPLIST_KEY_UIApplicationSupportsIndirectInputEvents = YES;
				INFOPLIST_KEY_UILaunchScreen_Generation = YES;
				INFOPLIST_KEY_UISupportedInterfaceOrientations_iPad = "UIInterfaceOrientationPortrait UIInterfaceOrientationPortraitUpsideDown UIInterfaceOrientationLandscapeLeft UIInterfaceOrientationLandscapeRight";
				INFOPLIST_KEY_UISupportedInterfaceOrientations_iPhone = "UIInterfaceOrientationPortrait UIInterfaceOrientationLandscapeLeft UIInterfaceOrientationLandscapeRight";
				LD_RUNPATH_SEARCH_PATHS = (
					"$(inherited)",
					"@executable_path/Frameworks",
				);
				MARKETING_VERSION = 1.0;
				PRODUCT_BUNDLE_IDENTIFIER = com.mowits.task.SnowSeeker;
				PRODUCT_NAME = "$(TARGET_NAME)";
				SWIFT_EMIT_LOC_STRINGS = YES;
				SWIFT_VERSION = 5.0;
				TARGETED_DEVICE_FAMILY = "1,2";
			};
			name = Release;
		};
		4C1748A12BEB171A00EA5623 /* Debug */ = {
			isa = XCBuildConfiguration;
			buildSettings = {
				ALWAYS_EMBED_SWIFT_STANDARD_LIBRARIES = YES;
				BUNDLE_LOADER = "$(TEST_HOST)";
				CODE_SIGN_STYLE = Automatic;
				CURRENT_PROJECT_VERSION = 1;
				DEVELOPMENT_TEAM = HAT3T6BMGD;
				GENERATE_INFOPLIST_FILE = YES;
				IPHONEOS_DEPLOYMENT_TARGET = 17.0;
				MARKETING_VERSION = 1.0;
				PRODUCT_BUNDLE_IDENTIFIER = com.mowits.task.SnowSeekerTests;
				PRODUCT_NAME = "$(TARGET_NAME)";
				SWIFT_EMIT_LOC_STRINGS = NO;
				SWIFT_VERSION = 5.0;
				TARGETED_DEVICE_FAMILY = "1,2";
				TEST_HOST = "$(BUILT_PRODUCTS_DIR)/SnowSeeker.app/$(BUNDLE_EXECUTABLE_FOLDER_PATH)/SnowSeeker";
			};
			name = Debug;
		};
		4C1748A22BEB171A00EA5623 /* Release */ = {
			isa = XCBuildConfiguration;
			buildSettings = {
				ALWAYS_EMBED_SWIFT_STANDARD_LIBRARIES = YES;
				BUNDLE_LOADER = "$(TEST_HOST)";
				CODE_SIGN_STYLE = Automatic;
				CURRENT_PROJECT_VERSION = 1;
				DEVELOPMENT_TEAM = HAT3T6BMGD;
				GENERATE_INFOPLIST_FILE = YES;
				IPHONEOS_DEPLOYMENT_TARGET = 17.0;
				MARKETING_VERSION = 1.0;
				PRODUCT_BUNDLE_IDENTIFIER = com.mowits.task.SnowSeekerTests;
				PRODUCT_NAME = "$(TARGET_NAME)";
				SWIFT_EMIT_LOC_STRINGS = NO;
				SWIFT_VERSION = 5.0;
				TARGETED_DEVICE_FAMILY = "1,2";
				TEST_HOST = "$(BUILT_PRODUCTS_DIR)/SnowSeeker.app/$(BUNDLE_EXECUTABLE_FOLDER_PATH)/SnowSeeker";
			};
			name = Release;
		};
		4C1748A42BEB171A00EA5623 /* Debug */ = {
			isa = XCBuildConfiguration;
			buildSettings = {
				ALWAYS_EMBED_SWIFT_STANDARD_LIBRARIES = YES;
				CODE_SIGN_STYLE = Automatic;
				CURRENT_PROJECT_VERSION = 1;
				DEVELOPMENT_TEAM = HAT3T6BMGD;
				GENERATE_INFOPLIST_FILE = YES;
				MARKETING_VERSION = 1.0;
				PRODUCT_BUNDLE_IDENTIFIER = com.mowits.task.SnowSeekerUITests;
				PRODUCT_NAME = "$(TARGET_NAME)";
				SWIFT_EMIT_LOC_STRINGS = NO;
				SWIFT_VERSION = 5.0;
				TARGETED_DEVICE_FAMILY = "1,2";
				TEST_TARGET_NAME = SnowSeeker;
			};
			name = Debug;
		};
		4C1748A52BEB171A00EA5623 /* Release */ = {
			isa = XCBuildConfiguration;
			buildSettings = {
				ALWAYS_EMBED_SWIFT_STANDARD_LIBRARIES = YES;
				CODE_SIGN_STYLE = Automatic;
				CURRENT_PROJECT_VERSION = 1;
				DEVELOPMENT_TEAM = HAT3T6BMGD;
				GENERATE_INFOPLIST_FILE = YES;
				MARKETING_VERSION = 1.0;
				PRODUCT_BUNDLE_IDENTIFIER = com.mowits.task.SnowSeekerUITests;
				PRODUCT_NAME = "$(TARGET_NAME)";
				SWIFT_EMIT_LOC_STRINGS = NO;
				SWIFT_VERSION = 5.0;
				TARGETED_DEVICE_FAMILY = "1,2";
				TEST_TARGET_NAME = SnowSeeker;
			};
			name = Release;
		};
/* End XCBuildConfiguration section */

/* Begin XCConfigurationList section */
		4C1748742BEB171900EA5623 /* Build configuration list for PBXProject "SnowSeeker" */ = {
			isa = XCConfigurationList;
			buildConfigurations = (
				4C17489B2BEB171A00EA5623 /* Debug */,
				4C17489C2BEB171A00EA5623 /* Release */,
			);
			defaultConfigurationIsVisible = 0;
			defaultConfigurationName = Release;
		};
		4C17489D2BEB171A00EA5623 /* Build configuration list for PBXNativeTarget "SnowSeeker" */ = {
			isa = XCConfigurationList;
			buildConfigurations = (
				4C17489E2BEB171A00EA5623 /* Debug */,
				4C17489F2BEB171A00EA5623 /* Release */,
			);
			defaultConfigurationIsVisible = 0;
			defaultConfigurationName = Release;
		};
		4C1748A02BEB171A00EA5623 /* Build configuration list for PBXNativeTarget "SnowSeekerTests" */ = {
			isa = XCConfigurationList;
			buildConfigurations = (
				4C1748A12BEB171A00EA5623 /* Debug */,
				4C1748A22BEB171A00EA5623 /* Release */,
			);
			defaultConfigurationIsVisible = 0;
			defaultConfigurationName = Release;
		};
		4C1748A32BEB171A00EA5623 /* Build configuration list for PBXNativeTarget "SnowSeekerUITests" */ = {
			isa = XCConfigurationList;
			buildConfigurations = (
				4C1748A42BEB171A00EA5623 /* Debug */,
				4C1748A52BEB171A00EA5623 /* Release */,
			);
			defaultConfigurationIsVisible = 0;
			defaultConfigurationName = Release;
		};
/* End XCConfigurationList section */
	};
	rootObject = 4C1748712BEB171900EA5623 /* Project object */;
}
